// !$*UTF8*$!
{
	archiveVersion = 1;
	classes = {
	};
	objectVersion = 56;
	objects = {

/* Begin PBXBuildFile section */
		CF19AD662C16EF39004BCA08 /* PunctualPathApp.swift in Sources */ = {isa = PBXBuildFile; fileRef = CF19AD652C16EF39004BCA08 /* PunctualPathApp.swift */; };
		CF19AD682C16EF39004BCA08 /* TimerView.swift in Sources */ = {isa = PBXBuildFile; fileRef = CF19AD672C16EF39004BCA08 /* TimerView.swift */; };
		CF19AD6A2C16EF3B004BCA08 /* Assets.xcassets in Resources */ = {isa = PBXBuildFile; fileRef = CF19AD692C16EF3B004BCA08 /* Assets.xcassets */; };
		CF19AD6D2C16EF3B004BCA08 /* Preview Assets.xcassets in Resources */ = {isa = PBXBuildFile; fileRef = CF19AD6C2C16EF3B004BCA08 /* Preview Assets.xcassets */; };
		CF433D172C1C216B00FF0E7F /* LineSearchView.swift in Sources */ = {isa = PBXBuildFile; fileRef = CF433D162C1C216B00FF0E7F /* LineSearchView.swift */; };
		CFAA15252C2AFA950080817F /* BeijingSubway.swift in Sources */ = {isa = PBXBuildFile; fileRef = CFAA15242C2AFA950080817F /* BeijingSubway.swift */; };
		CFAA152A2C2AFFCE0080817F /* Kanna in Frameworks */ = {isa = PBXBuildFile; productRef = CFAA15292C2AFFCE0080817F /* Kanna */; };
		CFC0D1CA2C6613A7002C7747 /* LocationManager.swift in Sources */ = {isa = PBXBuildFile; fileRef = CFC0D1C92C6613A7002C7747 /* LocationManager.swift */; };
		CFC0D1CD2C661415002C7747 /* GeneralUtils.swift in Sources */ = {isa = PBXBuildFile; fileRef = CFC0D1CC2C661415002C7747 /* GeneralUtils.swift */; };
		CFDB01BB2C581D3B00584FC4 /* NormalText.swift in Sources */ = {isa = PBXBuildFile; fileRef = CFDB01BA2C581D3B00584FC4 /* NormalText.swift */; };
		CFDB01BD2C581DC400584FC4 /* CapsuleText.swift in Sources */ = {isa = PBXBuildFile; fileRef = CFDB01BC2C581DC400584FC4 /* CapsuleText.swift */; };
		CFDB01C12C58E35600584FC4 /* LargeCapsuleText.swift in Sources */ = {isa = PBXBuildFile; fileRef = CFDB01C02C58E35600584FC4 /* LargeCapsuleText.swift */; };
		CFDB01C32C5B21AB00584FC4 /* urls.json in Resources */ = {isa = PBXBuildFile; fileRef = CFDB01C22C5B21AB00584FC4 /* urls.json */; };
		CFDB01C62C62524500584FC4 /* ToggleButton.swift in Sources */ = {isa = PBXBuildFile; fileRef = CFDB01C52C62524500584FC4 /* ToggleButton.swift */; };
		CFDB01C82C625C3600584FC4 /* TimeUtils.swift in Sources */ = {isa = PBXBuildFile; fileRef = CFDB01C72C625C3600584FC4 /* TimeUtils.swift */; };
		CFDB01CA2C630F2800584FC4 /* DiagonalStripes.swift in Sources */ = {isa = PBXBuildFile; fileRef = CFDB01C92C630F2800584FC4 /* DiagonalStripes.swift */; };
/* End PBXBuildFile section */

/* Begin PBXFileReference section */
		CF19AD622C16EF39004BCA08 /* PunctualPath.app */ = {isa = PBXFileReference; explicitFileType = wrapper.application; includeInIndex = 0; path = PunctualPath.app; sourceTree = BUILT_PRODUCTS_DIR; };
		CF19AD652C16EF39004BCA08 /* PunctualPathApp.swift */ = {isa = PBXFileReference; lastKnownFileType = sourcecode.swift; path = PunctualPathApp.swift; sourceTree = "<group>"; };
		CF19AD672C16EF39004BCA08 /* TimerView.swift */ = {isa = PBXFileReference; lastKnownFileType = sourcecode.swift; path = TimerView.swift; sourceTree = "<group>"; };
		CF19AD692C16EF3B004BCA08 /* Assets.xcassets */ = {isa = PBXFileReference; lastKnownFileType = folder.assetcatalog; path = Assets.xcassets; sourceTree = "<group>"; };
		CF19AD6C2C16EF3B004BCA08 /* Preview Assets.xcassets */ = {isa = PBXFileReference; lastKnownFileType = folder.assetcatalog; path = "Preview Assets.xcassets"; sourceTree = "<group>"; };
		CF433D162C1C216B00FF0E7F /* LineSearchView.swift */ = {isa = PBXFileReference; lastKnownFileType = sourcecode.swift; path = LineSearchView.swift; sourceTree = "<group>"; xcLanguageSpecificationIdentifier = xcode.lang.swift; };
		CFAA15242C2AFA950080817F /* BeijingSubway.swift */ = {isa = PBXFileReference; lastKnownFileType = sourcecode.swift; path = BeijingSubway.swift; sourceTree = "<group>"; };
		CFC0D1C92C6613A7002C7747 /* LocationManager.swift */ = {isa = PBXFileReference; lastKnownFileType = sourcecode.swift; path = LocationManager.swift; sourceTree = "<group>"; };
		CFC0D1CC2C661415002C7747 /* GeneralUtils.swift */ = {isa = PBXFileReference; lastKnownFileType = sourcecode.swift; path = GeneralUtils.swift; sourceTree = "<group>"; };
		CFDB01BA2C581D3B00584FC4 /* NormalText.swift */ = {isa = PBXFileReference; lastKnownFileType = sourcecode.swift; path = NormalText.swift; sourceTree = "<group>"; };
		CFDB01BC2C581DC400584FC4 /* CapsuleText.swift */ = {isa = PBXFileReference; lastKnownFileType = sourcecode.swift; path = CapsuleText.swift; sourceTree = "<group>"; };
		CFDB01C02C58E35600584FC4 /* LargeCapsuleText.swift */ = {isa = PBXFileReference; lastKnownFileType = sourcecode.swift; path = LargeCapsuleText.swift; sourceTree = "<group>"; };
		CFDB01C22C5B21AB00584FC4 /* urls.json */ = {isa = PBXFileReference; fileEncoding = 4; lastKnownFileType = text.json; path = urls.json; sourceTree = "<group>"; };
		CFDB01C52C62524500584FC4 /* ToggleButton.swift */ = {isa = PBXFileReference; lastKnownFileType = sourcecode.swift; path = ToggleButton.swift; sourceTree = "<group>"; };
		CFDB01C72C625C3600584FC4 /* TimeUtils.swift */ = {isa = PBXFileReference; lastKnownFileType = sourcecode.swift; path = TimeUtils.swift; sourceTree = "<group>"; };
		CFDB01C92C630F2800584FC4 /* DiagonalStripes.swift */ = {isa = PBXFileReference; lastKnownFileType = sourcecode.swift; path = DiagonalStripes.swift; sourceTree = "<group>"; };
/* End PBXFileReference section */

/* Begin PBXFrameworksBuildPhase section */
		CF19AD5F2C16EF39004BCA08 /* Frameworks */ = {
			isa = PBXFrameworksBuildPhase;
			buildActionMask = 2147483647;
			files = (
				CFAA152A2C2AFFCE0080817F /* Kanna in Frameworks */,
			);
			runOnlyForDeploymentPostprocessing = 0;
		};
/* End PBXFrameworksBuildPhase section */

/* Begin PBXGroup section */
		CF19AD592C16EF39004BCA08 = {
			isa = PBXGroup;
			children = (
				CF19AD642C16EF39004BCA08 /* PunctualPath */,
				CF19AD632C16EF39004BCA08 /* Products */,
			);
			sourceTree = "<group>";
		};
		CF19AD632C16EF39004BCA08 /* Products */ = {
			isa = PBXGroup;
			children = (
				CF19AD622C16EF39004BCA08 /* PunctualPath.app */,
			);
			name = Products;
			sourceTree = "<group>";
		};
		CF19AD642C16EF39004BCA08 /* PunctualPath */ = {
			isa = PBXGroup;
			children = (
				CF19AD652C16EF39004BCA08 /* PunctualPathApp.swift */,
				CF433D162C1C216B00FF0E7F /* LineSearchView.swift */,
				CF19AD672C16EF39004BCA08 /* TimerView.swift */,
				CFDB01C22C5B21AB00584FC4 /* urls.json */,
				CFC0D1CB2C6613CC002C7747 /* Utils */,
				CFDB01C42C5B21B900584FC4 /* Elements */,
				CF19AD692C16EF3B004BCA08 /* Assets.xcassets */,
				CF19AD6B2C16EF3B004BCA08 /* Preview Content */,
			);
			path = PunctualPath;
			sourceTree = "<group>";
		};
		CF19AD6B2C16EF3B004BCA08 /* Preview Content */ = {
			isa = PBXGroup;
			children = (
				CF19AD6C2C16EF3B004BCA08 /* Preview Assets.xcassets */,
			);
			path = "Preview Content";
			sourceTree = "<group>";
		};
		CFC0D1CB2C6613CC002C7747 /* Utils */ = {
			isa = PBXGroup;
			children = (
				CFAA15242C2AFA950080817F /* BeijingSubway.swift */,
				CFC0D1CC2C661415002C7747 /* GeneralUtils.swift */,
				CFC0D1C92C6613A7002C7747 /* LocationManager.swift */,
				CFDB01C72C625C3600584FC4 /* TimeUtils.swift */,
			);
			path = Utils;
			sourceTree = "<group>";
		};
		CFDB01C42C5B21B900584FC4 /* Elements */ = {
			isa = PBXGroup;
			children = (
				CFDB01C02C58E35600584FC4 /* LargeCapsuleText.swift */,
				CFDB01C52C62524500584FC4 /* ToggleButton.swift */,
				CFDB01BA2C581D3B00584FC4 /* NormalText.swift */,
				CFDB01BC2C581DC400584FC4 /* CapsuleText.swift */,
				CFDB01C92C630F2800584FC4 /* DiagonalStripes.swift */,
			);
			path = Elements;
			sourceTree = "<group>";
		};
/* End PBXGroup section */

/* Begin PBXNativeTarget section */
		CF19AD612C16EF39004BCA08 /* PunctualPath */ = {
			isa = PBXNativeTarget;
			buildConfigurationList = CF19AD702C16EF3B004BCA08 /* Build configuration list for PBXNativeTarget "PunctualPath" */;
			buildPhases = (
				CF19AD5E2C16EF39004BCA08 /* Sources */,
				CF19AD5F2C16EF39004BCA08 /* Frameworks */,
				CF19AD602C16EF39004BCA08 /* Resources */,
			);
			buildRules = (
			);
			dependencies = (
			);
			name = PunctualPath;
			packageProductDependencies = (
				CFAA15292C2AFFCE0080817F /* Kanna */,
			);
			productName = PunctualPath;
			productReference = CF19AD622C16EF39004BCA08 /* PunctualPath.app */;
			productType = "com.apple.product-type.application";
		};
/* End PBXNativeTarget section */

/* Begin PBXProject section */
		CF19AD5A2C16EF39004BCA08 /* Project object */ = {
			isa = PBXProject;
			attributes = {
				BuildIndependentTargetsInParallel = 1;
				LastSwiftUpdateCheck = 1520;
				LastUpgradeCheck = 1520;
				TargetAttributes = {
					CF19AD612C16EF39004BCA08 = {
						CreatedOnToolsVersion = 15.2;
						LastSwiftMigration = 1520;
					};
				};
			};
			buildConfigurationList = CF19AD5D2C16EF39004BCA08 /* Build configuration list for PBXProject "PunctualPath" */;
			compatibilityVersion = "Xcode 14.0";
			developmentRegion = en;
			hasScannedForEncodings = 0;
			knownRegions = (
				en,
				Base,
			);
			mainGroup = CF19AD592C16EF39004BCA08;
			packageReferences = (
				CFAA15282C2AFFCE0080817F /* XCRemoteSwiftPackageReference "Kanna" */,
			);
			productRefGroup = CF19AD632C16EF39004BCA08 /* Products */;
			projectDirPath = "";
			projectRoot = "";
			targets = (
				CF19AD612C16EF39004BCA08 /* PunctualPath */,
			);
		};
/* End PBXProject section */

/* Begin PBXResourcesBuildPhase section */
		CF19AD602C16EF39004BCA08 /* Resources */ = {
			isa = PBXResourcesBuildPhase;
			buildActionMask = 2147483647;
			files = (
				CFDB01C32C5B21AB00584FC4 /* urls.json in Resources */,
				CF19AD6D2C16EF3B004BCA08 /* Preview Assets.xcassets in Resources */,
				CF19AD6A2C16EF3B004BCA08 /* Assets.xcassets in Resources */,
			);
			runOnlyForDeploymentPostprocessing = 0;
		};
/* End PBXResourcesBuildPhase section */

/* Begin PBXSourcesBuildPhase section */
		CF19AD5E2C16EF39004BCA08 /* Sources */ = {
			isa = PBXSourcesBuildPhase;
			buildActionMask = 2147483647;
			files = (
				CF19AD682C16EF39004BCA08 /* TimerView.swift in Sources */,
				CFAA15252C2AFA950080817F /* BeijingSubway.swift in Sources */,
				CFC0D1CD2C661415002C7747 /* GeneralUtils.swift in Sources */,
				CF19AD662C16EF39004BCA08 /* PunctualPathApp.swift in Sources */,
				CFC0D1CA2C6613A7002C7747 /* LocationManager.swift in Sources */,
				CFDB01CA2C630F2800584FC4 /* DiagonalStripes.swift in Sources */,
				CFDB01C82C625C3600584FC4 /* TimeUtils.swift in Sources */,
				CFDB01C62C62524500584FC4 /* ToggleButton.swift in Sources */,
				CFDB01C12C58E35600584FC4 /* LargeCapsuleText.swift in Sources */,
				CF433D172C1C216B00FF0E7F /* LineSearchView.swift in Sources */,
				CFDB01BB2C581D3B00584FC4 /* NormalText.swift in Sources */,
				CFDB01BD2C581DC400584FC4 /* CapsuleText.swift in Sources */,
			);
			runOnlyForDeploymentPostprocessing = 0;
		};
/* End PBXSourcesBuildPhase section */

/* Begin XCBuildConfiguration section */
		CF19AD6E2C16EF3B004BCA08 /* Debug */ = {
			isa = XCBuildConfiguration;
			buildSettings = {
				ALWAYS_SEARCH_USER_PATHS = NO;
				ASSETCATALOG_COMPILER_GENERATE_SWIFT_ASSET_SYMBOL_EXTENSIONS = YES;
				CLANG_ANALYZER_NONNULL = YES;
				CLANG_ANALYZER_NUMBER_OBJECT_CONVERSION = YES_AGGRESSIVE;
				CLANG_CXX_LANGUAGE_STANDARD = "gnu++20";
				CLANG_ENABLE_MODULES = YES;
				CLANG_ENABLE_OBJC_ARC = YES;
				CLANG_ENABLE_OBJC_WEAK = YES;
				CLANG_WARN_BLOCK_CAPTURE_AUTORELEASING = YES;
				CLANG_WARN_BOOL_CONVERSION = YES;
				CLANG_WARN_COMMA = YES;
				CLANG_WARN_CONSTANT_CONVERSION = YES;
				CLANG_WARN_DEPRECATED_OBJC_IMPLEMENTATIONS = YES;
				CLANG_WARN_DIRECT_OBJC_ISA_USAGE = YES_ERROR;
				CLANG_WARN_DOCUMENTATION_COMMENTS = YES;
				CLANG_WARN_EMPTY_BODY = YES;
				CLANG_WARN_ENUM_CONVERSION = YES;
				CLANG_WARN_INFINITE_RECURSION = YES;
				CLANG_WARN_INT_CONVERSION = YES;
				CLANG_WARN_NON_LITERAL_NULL_CONVERSION = YES;
				CLANG_WARN_OBJC_IMPLICIT_RETAIN_SELF = YES;
				CLANG_WARN_OBJC_LITERAL_CONVERSION = YES;
				CLANG_WARN_OBJC_ROOT_CLASS = YES_ERROR;
				CLANG_WARN_QUOTED_INCLUDE_IN_FRAMEWORK_HEADER = YES;
				CLANG_WARN_RANGE_LOOP_ANALYSIS = YES;
				CLANG_WARN_STRICT_PROTOTYPES = YES;
				CLANG_WARN_SUSPICIOUS_MOVE = YES;
				CLANG_WARN_UNGUARDED_AVAILABILITY = YES_AGGRESSIVE;
				CLANG_WARN_UNREACHABLE_CODE = YES;
				CLANG_WARN__DUPLICATE_METHOD_MATCH = YES;
				COPY_PHASE_STRIP = NO;
				DEBUG_INFORMATION_FORMAT = dwarf;
				ENABLE_STRICT_OBJC_MSGSEND = YES;
				ENABLE_TESTABILITY = YES;
				ENABLE_USER_SCRIPT_SANDBOXING = YES;
				GCC_C_LANGUAGE_STANDARD = gnu17;
				GCC_DYNAMIC_NO_PIC = NO;
				GCC_NO_COMMON_BLOCKS = YES;
				GCC_OPTIMIZATION_LEVEL = 0;
				GCC_PREPROCESSOR_DEFINITIONS = (
					"DEBUG=1",
					"$(inherited)",
				);
				GCC_WARN_64_TO_32_BIT_CONVERSION = YES;
				GCC_WARN_ABOUT_RETURN_TYPE = YES_ERROR;
				GCC_WARN_UNDECLARED_SELECTOR = YES;
				GCC_WARN_UNINITIALIZED_AUTOS = YES_AGGRESSIVE;
				GCC_WARN_UNUSED_FUNCTION = YES;
				GCC_WARN_UNUSED_VARIABLE = YES;
				INFOPLIST_KEY_NSFileProviderDomainUsageDescription = "";
				INFOPLIST_KEY_NSLocationWhenInUseUsageDescription = "Your location is needed to identify nearest subway stations.";
				INFOPLIST_KEY_UIUserInterfaceStyle = Light;
				IPHONEOS_DEPLOYMENT_TARGET = 16.0;
				LOCALIZATION_PREFERS_STRING_CATALOGS = YES;
				MTL_ENABLE_DEBUG_INFO = INCLUDE_SOURCE;
				MTL_FAST_MATH = YES;
				ONLY_ACTIVE_ARCH = YES;
				SDKROOT = iphoneos;
				SWIFT_ACTIVE_COMPILATION_CONDITIONS = "DEBUG $(inherited)";
				SWIFT_OPTIMIZATION_LEVEL = "-Onone";
			};
			name = Debug;
		};
		CF19AD6F2C16EF3B004BCA08 /* Release */ = {
			isa = XCBuildConfiguration;
			buildSettings = {
				ALWAYS_SEARCH_USER_PATHS = NO;
				ASSETCATALOG_COMPILER_GENERATE_SWIFT_ASSET_SYMBOL_EXTENSIONS = YES;
				CLANG_ANALYZER_NONNULL = YES;
				CLANG_ANALYZER_NUMBER_OBJECT_CONVERSION = YES_AGGRESSIVE;
				CLANG_CXX_LANGUAGE_STANDARD = "gnu++20";
				CLANG_ENABLE_MODULES = YES;
				CLANG_ENABLE_OBJC_ARC = YES;
				CLANG_ENABLE_OBJC_WEAK = YES;
				CLANG_WARN_BLOCK_CAPTURE_AUTORELEASING = YES;
				CLANG_WARN_BOOL_CONVERSION = YES;
				CLANG_WARN_COMMA = YES;
				CLANG_WARN_CONSTANT_CONVERSION = YES;
				CLANG_WARN_DEPRECATED_OBJC_IMPLEMENTATIONS = YES;
				CLANG_WARN_DIRECT_OBJC_ISA_USAGE = YES_ERROR;
				CLANG_WARN_DOCUMENTATION_COMMENTS = YES;
				CLANG_WARN_EMPTY_BODY = YES;
				CLANG_WARN_ENUM_CONVERSION = YES;
				CLANG_WARN_INFINITE_RECURSION = YES;
				CLANG_WARN_INT_CONVERSION = YES;
				CLANG_WARN_NON_LITERAL_NULL_CONVERSION = YES;
				CLANG_WARN_OBJC_IMPLICIT_RETAIN_SELF = YES;
				CLANG_WARN_OBJC_LITERAL_CONVERSION = YES;
				CLANG_WARN_OBJC_ROOT_CLASS = YES_ERROR;
				CLANG_WARN_QUOTED_INCLUDE_IN_FRAMEWORK_HEADER = YES;
				CLANG_WARN_RANGE_LOOP_ANALYSIS = YES;
				CLANG_WARN_STRICT_PROTOTYPES = YES;
				CLANG_WARN_SUSPICIOUS_MOVE = YES;
				CLANG_WARN_UNGUARDED_AVAILABILITY = YES_AGGRESSIVE;
				CLANG_WARN_UNREACHABLE_CODE = YES;
				CLANG_WARN__DUPLICATE_METHOD_MATCH = YES;
				COPY_PHASE_STRIP = NO;
				DEBUG_INFORMATION_FORMAT = "dwarf-with-dsym";
				ENABLE_NS_ASSERTIONS = NO;
				ENABLE_STRICT_OBJC_MSGSEND = YES;
				ENABLE_USER_SCRIPT_SANDBOXING = YES;
				GCC_C_LANGUAGE_STANDARD = gnu17;
				GCC_NO_COMMON_BLOCKS = YES;
				GCC_WARN_64_TO_32_BIT_CONVERSION = YES;
				GCC_WARN_ABOUT_RETURN_TYPE = YES_ERROR;
				GCC_WARN_UNDECLARED_SELECTOR = YES;
				GCC_WARN_UNINITIALIZED_AUTOS = YES_AGGRESSIVE;
				GCC_WARN_UNUSED_FUNCTION = YES;
				GCC_WARN_UNUSED_VARIABLE = YES;
				INFOPLIST_KEY_NSFileProviderDomainUsageDescription = "";
				INFOPLIST_KEY_NSLocationWhenInUseUsageDescription = "Your location is needed to identify nearest subway stations.";
				INFOPLIST_KEY_UIUserInterfaceStyle = Light;
				IPHONEOS_DEPLOYMENT_TARGET = 16.0;
				LOCALIZATION_PREFERS_STRING_CATALOGS = YES;
				MTL_ENABLE_DEBUG_INFO = NO;
				MTL_FAST_MATH = YES;
				SDKROOT = iphoneos;
				SWIFT_COMPILATION_MODE = wholemodule;
				VALIDATE_PRODUCT = YES;
			};
			name = Release;
		};
		CF19AD712C16EF3B004BCA08 /* Debug */ = {
			isa = XCBuildConfiguration;
			buildSettings = {
				ASSETCATALOG_COMPILER_APPICON_NAME = AppIcon;
				ASSETCATALOG_COMPILER_GLOBAL_ACCENT_COLOR_NAME = AccentColor;
				CLANG_ENABLE_MODULES = YES;
				CODE_SIGN_IDENTITY = "Apple Development";
				CODE_SIGN_STYLE = Automatic;
				CURRENT_PROJECT_VERSION = 1;
				DEVELOPMENT_ASSET_PATHS = "\"PunctualPath/Preview Content\"";
				DEVELOPMENT_TEAM = KY6G2VZC3X;
				ENABLE_PREVIEWS = YES;
				GENERATE_INFOPLIST_FILE = YES;
				INFOPLIST_KEY_UIApplicationSceneManifest_Generation = YES;
				INFOPLIST_KEY_UIApplicationSupportsIndirectInputEvents = YES;
				INFOPLIST_KEY_UILaunchScreen_Generation = YES;
				INFOPLIST_KEY_UISupportedInterfaceOrientations_iPad = "UIInterfaceOrientationPortrait UIInterfaceOrientationPortraitUpsideDown UIInterfaceOrientationLandscapeLeft UIInterfaceOrientationLandscapeRight";
				INFOPLIST_KEY_UISupportedInterfaceOrientations_iPhone = "UIInterfaceOrientationPortrait UIInterfaceOrientationLandscapeLeft UIInterfaceOrientationLandscapeRight";
				LD_RUNPATH_SEARCH_PATHS = (
					"$(inherited)",
					"@executable_path/Frameworks",
				);
				MARKETING_VERSION = 1.0;
				PRODUCT_BUNDLE_IDENTIFIER = royzhao2004.PunctualPath;
				PRODUCT_NAME = "$(TARGET_NAME)";
				PROVISIONING_PROFILE_SPECIFIER = "";
				SWIFT_EMIT_LOC_STRINGS = YES;
				SWIFT_OPTIMIZATION_LEVEL = "-Onone";
				SWIFT_VERSION = 5.0;
				TARGETED_DEVICE_FAMILY = "1,2";
			};
			name = Debug;
		};
		CF19AD722C16EF3B004BCA08 /* Release */ = {
			isa = XCBuildConfiguration;
			buildSettings = {
				ASSETCATALOG_COMPILER_APPICON_NAME = AppIcon;
				ASSETCATALOG_COMPILER_GLOBAL_ACCENT_COLOR_NAME = AccentColor;
				CLANG_ENABLE_MODULES = YES;
				CODE_SIGN_IDENTITY = "Apple Development";
				CODE_SIGN_STYLE = Automatic;
				CURRENT_PROJECT_VERSION = 1;
				DEVELOPMENT_ASSET_PATHS = "\"PunctualPath/Preview Content\"";
				DEVELOPMENT_TEAM = KY6G2VZC3X;
				ENABLE_PREVIEWS = YES;
				GENERATE_INFOPLIST_FILE = YES;
				INFOPLIST_KEY_UIApplicationSceneManifest_Generation = YES;
				INFOPLIST_KEY_UIApplicationSupportsIndirectInputEvents = YES;
				INFOPLIST_KEY_UILaunchScreen_Generation = YES;
				INFOPLIST_KEY_UISupportedInterfaceOrientations_iPad = "UIInterfaceOrientationPortrait UIInterfaceOrientationPortraitUpsideDown UIInterfaceOrientationLandscapeLeft UIInterfaceOrientationLandscapeRight";
				INFOPLIST_KEY_UISupportedInterfaceOrientations_iPhone = "UIInterfaceOrientationPortrait UIInterfaceOrientationLandscapeLeft UIInterfaceOrientationLandscapeRight";
				LD_RUNPATH_SEARCH_PATHS = (
					"$(inherited)",
					"@executable_path/Frameworks",
				);
				MARKETING_VERSION = 1.0;
				PRODUCT_BUNDLE_IDENTIFIER = royzhao2004.PunctualPath;
				PRODUCT_NAME = "$(TARGET_NAME)";
				PROVISIONING_PROFILE_SPECIFIER = "";
				SWIFT_EMIT_LOC_STRINGS = YES;
				SWIFT_VERSION = 5.0;
				TARGETED_DEVICE_FAMILY = "1,2";
			};
			name = Release;
		};
/* End XCBuildConfiguration section */

/* Begin XCConfigurationList section */
		CF19AD5D2C16EF39004BCA08 /* Build configuration list for PBXProject "PunctualPath" */ = {
			isa = XCConfigurationList;
			buildConfigurations = (
				CF19AD6E2C16EF3B004BCA08 /* Debug */,
				CF19AD6F2C16EF3B004BCA08 /* Release */,
			);
			defaultConfigurationIsVisible = 0;
			defaultConfigurationName = Release;
		};
		CF19AD702C16EF3B004BCA08 /* Build configuration list for PBXNativeTarget "PunctualPath" */ = {
			isa = XCConfigurationList;
			buildConfigurations = (
				CF19AD712C16EF3B004BCA08 /* Debug */,
				CF19AD722C16EF3B004BCA08 /* Release */,
			);
			defaultConfigurationIsVisible = 0;
			defaultConfigurationName = Release;
		};
/* End XCConfigurationList section */

/* Begin XCRemoteSwiftPackageReference section */
		CFAA15282C2AFFCE0080817F /* XCRemoteSwiftPackageReference "Kanna" */ = {
			isa = XCRemoteSwiftPackageReference;
			repositoryURL = "https://github.com/tid-kijyun/Kanna";
			requirement = {
				kind = upToNextMajorVersion;
				minimumVersion = 5.3.0;
			};
		};
/* End XCRemoteSwiftPackageReference section */

/* Begin XCSwiftPackageProductDependency section */
		CFAA15292C2AFFCE0080817F /* Kanna */ = {
			isa = XCSwiftPackageProductDependency;
			package = CFAA15282C2AFFCE0080817F /* XCRemoteSwiftPackageReference "Kanna" */;
			productName = Kanna;
		};
/* End XCSwiftPackageProductDependency section */
	};
	rootObject = CF19AD5A2C16EF39004BCA08 /* Project object */;
}
